
Microsoft Visual Studio Solution File, Format Version 12.00
# Visual Studio Version 16
VisualStudioVersion = 16.0.31129.286
MinimumVisualStudioVersion = 10.0.40219.1
Project("{FAE04EC0-301F-11D3-BF4B-00C04F79EFBC}") = "ECommerceApi", "ECommerceApi\ECommerceApi.csproj", "{9AADF800-BAE8-4BAB-A416-FBC814CFAB51}"
EndProject
Global
	GlobalSection(SolutionConfigurationPlatforms) = preSolution
		Debug|Any CPU = Debug|Any CPU
		Release|Any CPU = Release|Any CPU
	EndGlobalSection
	GlobalSection(ProjectConfigurationPlatforms) = postSolution
		{9AADF800-BAE8-4BAB-A416-FBC814CFAB51}.Debug|Any CPU.ActiveCfg = Debug|Any CPU
		{9AADF800-BAE8-4BAB-A416-FBC814CFAB51}.Debug|Any CPU.Build.0 = Debug|Any CPU
		{9AADF800-BAE8-4BAB-A416-FBC814CFAB51}.Release|Any CPU.ActiveCfg = Release|Any CPU
		{9AADF800-BAE8-4BAB-A416-FBC814CFAB51}.Release|Any CPU.Build.0 = Release|Any CPU
	EndGlobalSection
	GlobalSection(SolutionProperties) = preSolution
		HideSolutionNode = FALSE
	EndGlobalSection
	GlobalSection(ExtensibilityGlobals) = postSolution
		SolutionGuid = {8D4B6E4B-2999-4B10-8016-72EA75E82DA1}
	EndGlobalSection
EndGlobal
